
Microsoft Visual Studio Solution File, Format Version 12.00
# Visual Studio Version 16
VisualStudioVersion = 16.0.31624.102
MinimumVisualStudioVersion = 10.0.40219.1
Project("{FAE04EC0-301F-11D3-BF4B-00C04F79EFBC}") = "Management_System", "Management_System.csproj", "{4AA97268-4F64-4021-BAAA-FC66927F1926}"
EndProject
Project("{FAE04EC0-301F-11D3-BF4B-00C04F79EFBC}") = "DatabaseAccess", "..\DatabaseAccess\DatabaseAccess.csproj", "{D33AE326-25F6-40AB-BEF5-14AE7D67F184}"
EndProject
Global
	GlobalSection(SolutionConfigurationPlatforms) = preSolution
		Debug|Any CPU = Debug|Any CPU
		Release|Any CPU = Release|Any CPU
	EndGlobalSection
	GlobalSection(ProjectConfigurationPlatforms) = postSolution
		{4AA97268-4F64-4021-BAAA-FC66927F1926}.Debug|Any CPU.ActiveCfg = Debug|Any CPU
		{4AA97268-4F64-4021-BAAA-FC66927F1926}.Debug|Any CPU.Build.0 = Debug|Any CPU
		{4AA97268-4F64-4021-BAAA-FC66927F1926}.Release|Any CPU.ActiveCfg = Release|Any CPU
		{4AA97268-4F64-4021-BAAA-FC66927F1926}.Release|Any CPU.Build.0 = Release|Any CPU
		{D33AE326-25F6-40AB-BEF5-14AE7D67F184}.Debug|Any CPU.ActiveCfg = Debug|Any CPU
		{D33AE326-25F6-40AB-BEF5-14AE7D67F184}.Debug|Any CPU.Build.0 = Debug|Any CPU
		{D33AE326-25F6-40AB-BEF5-14AE7D67F184}.Release|Any CPU.ActiveCfg = Release|Any CPU
		{D33AE326-25F6-40AB-BEF5-14AE7D67F184}.Release|Any CPU.Build.0 = Release|Any CPU
	EndGlobalSection
	GlobalSection(SolutionProperties) = preSolution
		HideSolutionNode = FALSE
	EndGlobalSection
	GlobalSection(ExtensibilityGlobals) = postSolution
		SolutionGuid = {F827F3FA-9EF7-4F1D-9E41-631BEB510382}
	EndGlobalSection
EndGlobal
